
Microsoft Visual Studio Solution File, Format Version 12.00
# Visual Studio Version 17
VisualStudioVersion = 17.8.34322.80
MinimumVisualStudioVersion = 10.0.40219.1
Project("{FAE04EC0-301F-11D3-BF4B-00C04F79EFBC}") = "WebApplication_lab", "WebApplication_lab.csproj", "{CACC7AD7-C097-4378-8BCF-6A1160E087AE}"
EndProject
Global
	GlobalSection(SolutionConfigurationPlatforms) = preSolution
		Debug|Any CPU = Debug|Any CPU
		Release|Any CPU = Release|Any CPU
	EndGlobalSection
	GlobalSection(ProjectConfigurationPlatforms) = postSolution
		{CACC7AD7-C097-4378-8BCF-6A1160E087AE}.Debug|Any CPU.ActiveCfg = Debug|Any CPU
		{CACC7AD7-C097-4378-8BCF-6A1160E087AE}.Debug|Any CPU.Build.0 = Debug|Any CPU
		{CACC7AD7-C097-4378-8BCF-6A1160E087AE}.Release|Any CPU.ActiveCfg = Release|Any CPU
		{CACC7AD7-C097-4378-8BCF-6A1160E087AE}.Release|Any CPU.Build.0 = Release|Any CPU
	EndGlobalSection
	GlobalSection(SolutionProperties) = preSolution
		HideSolutionNode = FALSE
	EndGlobalSection
	GlobalSection(ExtensibilityGlobals) = postSolution
		SolutionGuid = {D284A964-4327-49B2-8E01-18B75B5BA909}
	EndGlobalSection
EndGlobal
